// !$*UTF8*$!
{
	archiveVersion = 1;
	classes = {
	};
	objectVersion = 55;
	objects = {

/* Begin PBXBuildFile section */
		AA639B5C2812A7ED004EC876 /* merge.swift in Sources */ = {isa = PBXBuildFile; fileRef = AA639B5B2812A7ED004EC876 /* merge.swift */; };
		AA639B5D2812A7F3004EC876 /* merge.swift in Sources */ = {isa = PBXBuildFile; fileRef = AA639B5B2812A7ED004EC876 /* merge.swift */; };
		AA6898BA28179E4B0042DD0C /* lose.mp3 in Resources */ = {isa = PBXBuildFile; fileRef = AA6898B928179E4B0042DD0C /* lose.mp3 */; };
		AA6898BB28179E4B0042DD0C /* lose.mp3 in Resources */ = {isa = PBXBuildFile; fileRef = AA6898B928179E4B0042DD0C /* lose.mp3 */; };
		AA6ABF00280D38FF003985F3 /* game_variable.swift in Sources */ = {isa = PBXBuildFile; fileRef = AA6ABEFF280D38FF003985F3 /* game_variable.swift */; };
		AA6ABF01280D38FF003985F3 /* game_variable.swift in Sources */ = {isa = PBXBuildFile; fileRef = AA6ABEFF280D38FF003985F3 /* game_variable.swift */; };
		AA6ABF03280D3FAB003985F3 /* merge_check.swift in Sources */ = {isa = PBXBuildFile; fileRef = AA6ABF02280D3FAB003985F3 /* merge_check.swift */; };
		AA6ABF04280D3FAB003985F3 /* merge_check.swift in Sources */ = {isa = PBXBuildFile; fileRef = AA6ABF02280D3FAB003985F3 /* merge_check.swift */; };
		AA8F1FB82816A35900FA207F /* is_moved.swift in Sources */ = {isa = PBXBuildFile; fileRef = AA8F1FB72816A35900FA207F /* is_moved.swift */; };
		AA8F1FB92816A46100FA207F /* is_moved.swift in Sources */ = {isa = PBXBuildFile; fileRef = AA8F1FB72816A35900FA207F /* is_moved.swift */; };
		AA8F1FBB2816A47900FA207F /* after_moved.swift in Sources */ = {isa = PBXBuildFile; fileRef = AA8F1FBA2816A47900FA207F /* after_moved.swift */; };
		AAEFD33F281779220018AC00 /* isfull.swift in Sources */ = {isa = PBXBuildFile; fileRef = AAEFD33E281779220018AC00 /* isfull.swift */; };
		AAF313C42816DA1700B7D491 /* battle.mp3 in Resources */ = {isa = PBXBuildFile; fileRef = AAF313C32816DA1700B7D491 /* battle.mp3 */; };
		AAF313C52816DA1700B7D491 /* battle.mp3 in Resources */ = {isa = PBXBuildFile; fileRef = AAF313C32816DA1700B7D491 /* battle.mp3 */; };
		AAF8F7DA280D023700020A4D /* number_mergeApp.swift in Sources */ = {isa = PBXBuildFile; fileRef = AAF8F7CA280D023500020A4D /* number_mergeApp.swift */; };
		AAF8F7DB280D023700020A4D /* number_mergeApp.swift in Sources */ = {isa = PBXBuildFile; fileRef = AAF8F7CA280D023500020A4D /* number_mergeApp.swift */; };
		AAF8F7DC280D023700020A4D /* ContentView.swift in Sources */ = {isa = PBXBuildFile; fileRef = AAF8F7CB280D023500020A4D /* ContentView.swift */; };
		AAF8F7DD280D023700020A4D /* ContentView.swift in Sources */ = {isa = PBXBuildFile; fileRef = AAF8F7CB280D023500020A4D /* ContentView.swift */; };
		AAF8F7DE280D023700020A4D /* Assets.xcassets in Resources */ = {isa = PBXBuildFile; fileRef = AAF8F7CC280D023700020A4D /* Assets.xcassets */; };
		AAF8F7DF280D023700020A4D /* Assets.xcassets in Resources */ = {isa = PBXBuildFile; fileRef = AAF8F7CC280D023700020A4D /* Assets.xcassets */; };
/* End PBXBuildFile section */

/* Begin PBXFileReference section */
		AA639B5B2812A7ED004EC876 /* merge.swift */ = {isa = PBXFileReference; lastKnownFileType = sourcecode.swift; path = merge.swift; sourceTree = "<group>"; };
		AA6898B928179E4B0042DD0C /* lose.mp3 */ = {isa = PBXFileReference; lastKnownFileType = audio.mp3; name = lose.mp3; path = Assets.xcassets/lose.dataset/lose.mp3; sourceTree = "<group>"; };
		AA6ABEFF280D38FF003985F3 /* game_variable.swift */ = {isa = PBXFileReference; lastKnownFileType = sourcecode.swift; path = game_variable.swift; sourceTree = "<group>"; };
		AA6ABF02280D3FAB003985F3 /* merge_check.swift */ = {isa = PBXFileReference; lastKnownFileType = sourcecode.swift; path = merge_check.swift; sourceTree = "<group>"; };
		AA8F1FB72816A35900FA207F /* is_moved.swift */ = {isa = PBXFileReference; lastKnownFileType = sourcecode.swift; path = is_moved.swift; sourceTree = "<group>"; };
		AA8F1FBA2816A47900FA207F /* after_moved.swift */ = {isa = PBXFileReference; lastKnownFileType = sourcecode.swift; path = after_moved.swift; sourceTree = "<group>"; };
		AAEFD33E281779220018AC00 /* isfull.swift */ = {isa = PBXFileReference; lastKnownFileType = sourcecode.swift; path = isfull.swift; sourceTree = "<group>"; };
		AAF313C32816DA1700B7D491 /* battle.mp3 */ = {isa = PBXFileReference; lastKnownFileType = audio.mp3; path = battle.mp3; sourceTree = "<group>"; };
		AAF8F7CA280D023500020A4D /* number_mergeApp.swift */ = {isa = PBXFileReference; lastKnownFileType = sourcecode.swift; path = number_mergeApp.swift; sourceTree = "<group>"; };
		AAF8F7CB280D023500020A4D /* ContentView.swift */ = {isa = PBXFileReference; lastKnownFileType = sourcecode.swift; path = ContentView.swift; sourceTree = "<group>"; };
		AAF8F7CC280D023700020A4D /* Assets.xcassets */ = {isa = PBXFileReference; lastKnownFileType = folder.assetcatalog; path = Assets.xcassets; sourceTree = "<group>"; };
		AAF8F7D1280D023700020A4D /* number merge.app */ = {isa = PBXFileReference; explicitFileType = wrapper.application; includeInIndex = 0; path = "number merge.app"; sourceTree = BUILT_PRODUCTS_DIR; };
		AAF8F7D7280D023700020A4D /* number merge.app */ = {isa = PBXFileReference; explicitFileType = wrapper.application; includeInIndex = 0; path = "number merge.app"; sourceTree = BUILT_PRODUCTS_DIR; };
		AAF8F7D9280D023700020A4D /* macOS.entitlements */ = {isa = PBXFileReference; lastKnownFileType = text.plist.entitlements; path = macOS.entitlements; sourceTree = "<group>"; };
/* End PBXFileReference section */

/* Begin PBXFrameworksBuildPhase section */
		AAF8F7CE280D023700020A4D /* Frameworks */ = {
			isa = PBXFrameworksBuildPhase;
			buildActionMask = 2147483647;
			files = (
			);
			runOnlyForDeploymentPostprocessing = 0;
		};
		AAF8F7D4280D023700020A4D /* Frameworks */ = {
			isa = PBXFrameworksBuildPhase;
			buildActionMask = 2147483647;
			files = (
			);
			runOnlyForDeploymentPostprocessing = 0;
		};
/* End PBXFrameworksBuildPhase section */

/* Begin PBXGroup section */
		AAF8F7C4280D023500020A4D = {
			isa = PBXGroup;
			children = (
				AAF8F7C9280D023500020A4D /* Shared */,
				AAF8F7D8280D023700020A4D /* macOS */,
				AAF8F7D2280D023700020A4D /* Products */,
			);
			sourceTree = "<group>";
		};
		AAF8F7C9280D023500020A4D /* Shared */ = {
			isa = PBXGroup;
			children = (
				AAEFD33E281779220018AC00 /* isfull.swift */,
				AA8F1FB72816A35900FA207F /* is_moved.swift */,
				AA639B5B2812A7ED004EC876 /* merge.swift */,
				AA6ABF02280D3FAB003985F3 /* merge_check.swift */,
				AAF8F7CA280D023500020A4D /* number_mergeApp.swift */,
				AAF8F7CB280D023500020A4D /* ContentView.swift */,
				AA6898B928179E4B0042DD0C /* lose.mp3 */,
				AAF313C32816DA1700B7D491 /* battle.mp3 */,
				AA8F1FBA2816A47900FA207F /* after_moved.swift */,
				AA6ABEFF280D38FF003985F3 /* game_variable.swift */,
				AAF8F7CC280D023700020A4D /* Assets.xcassets */,
			);
			path = Shared;
			sourceTree = "<group>";
		};
		AAF8F7D2280D023700020A4D /* Products */ = {
			isa = PBXGroup;
			children = (
				AAF8F7D1280D023700020A4D /* number merge.app */,
				AAF8F7D7280D023700020A4D /* number merge.app */,
			);
			name = Products;
			sourceTree = "<group>";
		};
		AAF8F7D8280D023700020A4D /* macOS */ = {
			isa = PBXGroup;
			children = (
				AAF8F7D9280D023700020A4D /* macOS.entitlements */,
			);
			path = macOS;
			sourceTree = "<group>";
		};
/* End PBXGroup section */

/* Begin PBXNativeTarget section */
		AAF8F7D0280D023700020A4D /* number merge (iOS) */ = {
			isa = PBXNativeTarget;
			buildConfigurationList = AAF8F7E2280D023700020A4D /* Build configuration list for PBXNativeTarget "number merge (iOS)" */;
			buildPhases = (
				AAF8F7CD280D023700020A4D /* Sources */,
				AAF8F7CE280D023700020A4D /* Frameworks */,
				AAF8F7CF280D023700020A4D /* Resources */,
			);
			buildRules = (
			);
			dependencies = (
			);
			name = "number merge (iOS)";
			productName = "number merge (iOS)";
			productReference = AAF8F7D1280D023700020A4D /* number merge.app */;
			productType = "com.apple.product-type.application";
		};
		AAF8F7D6280D023700020A4D /* number merge (macOS) */ = {
			isa = PBXNativeTarget;
			buildConfigurationList = AAF8F7E5280D023700020A4D /* Build configuration list for PBXNativeTarget "number merge (macOS)" */;
			buildPhases = (
				AAF8F7D3280D023700020A4D /* Sources */,
				AAF8F7D4280D023700020A4D /* Frameworks */,
				AAF8F7D5280D023700020A4D /* Resources */,
			);
			buildRules = (
			);
			dependencies = (
			);
			name = "number merge (macOS)";
			productName = "number merge (macOS)";
			productReference = AAF8F7D7280D023700020A4D /* number merge.app */;
			productType = "com.apple.product-type.application";
		};
/* End PBXNativeTarget section */

/* Begin PBXProject section */
		AAF8F7C5280D023500020A4D /* Project object */ = {
			isa = PBXProject;
			attributes = {
				BuildIndependentTargetsInParallel = 1;
				LastSwiftUpdateCheck = 1320;
				LastUpgradeCheck = 1320;
				TargetAttributes = {
					AAF8F7D0280D023700020A4D = {
						CreatedOnToolsVersion = 13.2.1;
					};
					AAF8F7D6280D023700020A4D = {
						CreatedOnToolsVersion = 13.2.1;
					};
				};
			};
			buildConfigurationList = AAF8F7C8280D023500020A4D /* Build configuration list for PBXProject "number merge" */;
			compatibilityVersion = "Xcode 13.0";
			developmentRegion = en;
			hasScannedForEncodings = 0;
			knownRegions = (
				en,
				Base,
			);
			mainGroup = AAF8F7C4280D023500020A4D;
			productRefGroup = AAF8F7D2280D023700020A4D /* Products */;
			projectDirPath = "";
			projectRoot = "";
			targets = (
				AAF8F7D0280D023700020A4D /* number merge (iOS) */,
				AAF8F7D6280D023700020A4D /* number merge (macOS) */,
			);
		};
/* End PBXProject section */

/* Begin PBXResourcesBuildPhase section */
		AAF8F7CF280D023700020A4D /* Resources */ = {
			isa = PBXResourcesBuildPhase;
			buildActionMask = 2147483647;
			files = (
				AAF313C42816DA1700B7D491 /* battle.mp3 in Resources */,
				AAF8F7DE280D023700020A4D /* Assets.xcassets in Resources */,
				AA6898BA28179E4B0042DD0C /* lose.mp3 in Resources */,
			);
			runOnlyForDeploymentPostprocessing = 0;
		};
		AAF8F7D5280D023700020A4D /* Resources */ = {
			isa = PBXResourcesBuildPhase;
			buildActionMask = 2147483647;
			files = (
				AAF313C52816DA1700B7D491 /* battle.mp3 in Resources */,
				AAF8F7DF280D023700020A4D /* Assets.xcassets in Resources */,
				AA6898BB28179E4B0042DD0C /* lose.mp3 in Resources */,
			);
			runOnlyForDeploymentPostprocessing = 0;
		};
/* End PBXResourcesBuildPhase section */

/* Begin PBXSourcesBuildPhase section */
		AAF8F7CD280D023700020A4D /* Sources */ = {
			isa = PBXSourcesBuildPhase;
			buildActionMask = 2147483647;
			files = (
				AAF8F7DC280D023700020A4D /* ContentView.swift in Sources */,
				AA6ABF03280D3FAB003985F3 /* merge_check.swift in Sources */,
				AA6ABF00280D38FF003985F3 /* game_variable.swift in Sources */,
				AA8F1FB82816A35900FA207F /* is_moved.swift in Sources */,
				AAF8F7DA280D023700020A4D /* number_mergeApp.swift in Sources */,
				AA8F1FBB2816A47900FA207F /* after_moved.swift in Sources */,
				AAEFD33F281779220018AC00 /* isfull.swift in Sources */,
				AA639B5C2812A7ED004EC876 /* merge.swift in Sources */,
			);
			runOnlyForDeploymentPostprocessing = 0;
		};
		AAF8F7D3280D023700020A4D /* Sources */ = {
			isa = PBXSourcesBuildPhase;
			buildActionMask = 2147483647;
			files = (
				AAF8F7DD280D023700020A4D /* ContentView.swift in Sources */,
				AA6ABF04280D3FAB003985F3 /* merge_check.swift in Sources */,
				AA6ABF01280D38FF003985F3 /* game_variable.swift in Sources */,
				AA8F1FB92816A46100FA207F /* is_moved.swift in Sources */,
				AAF8F7DB280D023700020A4D /* number_mergeApp.swift in Sources */,
				AA639B5D2812A7F3004EC876 /* merge.swift in Sources */,
			);
			runOnlyForDeploymentPostprocessing = 0;
		};
/* End PBXSourcesBuildPhase section */

/* Begin XCBuildConfiguration section */
		AAF8F7E0280D023700020A4D /* Debug */ = {
			isa = XCBuildConfiguration;
			buildSettings = {
				ALWAYS_SEARCH_USER_PATHS = NO;
				CLANG_ANALYZER_NONNULL = YES;
				CLANG_ANALYZER_NUMBER_OBJECT_CONVERSION = YES_AGGRESSIVE;
				CLANG_CXX_LANGUAGE_STANDARD = "gnu++17";
				CLANG_CXX_LIBRARY = "libc++";
				CLANG_ENABLE_MODULES = YES;
				CLANG_ENABLE_OBJC_ARC = YES;
				CLANG_ENABLE_OBJC_WEAK = YES;
				CLANG_WARN_BLOCK_CAPTURE_AUTORELEASING = YES;
				CLANG_WARN_BOOL_CONVERSION = YES;
				CLANG_WARN_COMMA = YES;
				CLANG_WARN_CONSTANT_CONVERSION = YES;
				CLANG_WARN_DEPRECATED_OBJC_IMPLEMENTATIONS = YES;
				CLANG_WARN_DIRECT_OBJC_ISA_USAGE = YES_ERROR;
				CLANG_WARN_DOCUMENTATION_COMMENTS = YES;
				CLANG_WARN_EMPTY_BODY = YES;
				CLANG_WARN_ENUM_CONVERSION = YES;
				CLANG_WARN_INFINITE_RECURSION = YES;
				CLANG_WARN_INT_CONVERSION = YES;
				CLANG_WARN_NON_LITERAL_NULL_CONVERSION = YES;
				CLANG_WARN_OBJC_IMPLICIT_RETAIN_SELF = YES;
				CLANG_WARN_OBJC_LITERAL_CONVERSION = YES;
				CLANG_WARN_OBJC_ROOT_CLASS = YES_ERROR;
				CLANG_WARN_QUOTED_INCLUDE_IN_FRAMEWORK_HEADER = YES;
				CLANG_WARN_RANGE_LOOP_ANALYSIS = YES;
				CLANG_WARN_STRICT_PROTOTYPES = YES;
				CLANG_WARN_SUSPICIOUS_MOVE = YES;
				CLANG_WARN_UNGUARDED_AVAILABILITY = YES_AGGRESSIVE;
				CLANG_WARN_UNREACHABLE_CODE = YES;
				CLANG_WARN__DUPLICATE_METHOD_MATCH = YES;
				COPY_PHASE_STRIP = NO;
				DEBUG_INFORMATION_FORMAT = dwarf;
				ENABLE_STRICT_OBJC_MSGSEND = YES;
				ENABLE_TESTABILITY = YES;
				GCC_C_LANGUAGE_STANDARD = gnu11;
				GCC_DYNAMIC_NO_PIC = NO;
				GCC_NO_COMMON_BLOCKS = YES;
				GCC_OPTIMIZATION_LEVEL = 0;
				GCC_PREPROCESSOR_DEFINITIONS = (
					"DEBUG=1",
					"$(inherited)",
				);
				GCC_WARN_64_TO_32_BIT_CONVERSION = YES;
				GCC_WARN_ABOUT_RETURN_TYPE = YES_ERROR;
				GCC_WARN_UNDECLARED_SELECTOR = YES;
				GCC_WARN_UNINITIALIZED_AUTOS = YES_AGGRESSIVE;
				GCC_WARN_UNUSED_FUNCTION = YES;
				GCC_WARN_UNUSED_VARIABLE = YES;
				MTL_ENABLE_DEBUG_INFO = INCLUDE_SOURCE;
				MTL_FAST_MATH = YES;
				ONLY_ACTIVE_ARCH = YES;
				SWIFT_ACTIVE_COMPILATION_CONDITIONS = DEBUG;
				SWIFT_OPTIMIZATION_LEVEL = "-Onone";
			};
			name = Debug;
		};
		AAF8F7E1280D023700020A4D /* Release */ = {
			isa = XCBuildConfiguration;
			buildSettings = {
				ALWAYS_SEARCH_USER_PATHS = NO;
				CLANG_ANALYZER_NONNULL = YES;
				CLANG_ANALYZER_NUMBER_OBJECT_CONVERSION = YES_AGGRESSIVE;
				CLANG_CXX_LANGUAGE_STANDARD = "gnu++17";
				CLANG_CXX_LIBRARY = "libc++";
				CLANG_ENABLE_MODULES = YES;
				CLANG_ENABLE_OBJC_ARC = YES;
				CLANG_ENABLE_OBJC_WEAK = YES;
				CLANG_WARN_BLOCK_CAPTURE_AUTORELEASING = YES;
				CLANG_WARN_BOOL_CONVERSION = YES;
				CLANG_WARN_COMMA = YES;
				CLANG_WARN_CONSTANT_CONVERSION = YES;
				CLANG_WARN_DEPRECATED_OBJC_IMPLEMENTATIONS = YES;
				CLANG_WARN_DIRECT_OBJC_ISA_USAGE = YES_ERROR;
				CLANG_WARN_DOCUMENTATION_COMMENTS = YES;
				CLANG_WARN_EMPTY_BODY = YES;
				CLANG_WARN_ENUM_CONVERSION = YES;
				CLANG_WARN_INFINITE_RECURSION = YES;
				CLANG_WARN_INT_CONVERSION = YES;
				CLANG_WARN_NON_LITERAL_NULL_CONVERSION = YES;
				CLANG_WARN_OBJC_IMPLICIT_RETAIN_SELF = YES;
				CLANG_WARN_OBJC_LITERAL_CONVERSION = YES;
				CLANG_WARN_OBJC_ROOT_CLASS = YES_ERROR;
				CLANG_WARN_QUOTED_INCLUDE_IN_FRAMEWORK_HEADER = YES;
				CLANG_WARN_RANGE_LOOP_ANALYSIS = YES;
				CLANG_WARN_STRICT_PROTOTYPES = YES;
				CLANG_WARN_SUSPICIOUS_MOVE = YES;
				CLANG_WARN_UNGUARDED_AVAILABILITY = YES_AGGRESSIVE;
				CLANG_WARN_UNREACHABLE_CODE = YES;
				CLANG_WARN__DUPLICATE_METHOD_MATCH = YES;
				COPY_PHASE_STRIP = NO;
				DEBUG_INFORMATION_FORMAT = "dwarf-with-dsym";
				ENABLE_NS_ASSERTIONS = NO;
				ENABLE_STRICT_OBJC_MSGSEND = YES;
				GCC_C_LANGUAGE_STANDARD = gnu11;
				GCC_NO_COMMON_BLOCKS = YES;
				GCC_WARN_64_TO_32_BIT_CONVERSION = YES;
				GCC_WARN_ABOUT_RETURN_TYPE = YES_ERROR;
				GCC_WARN_UNDECLARED_SELECTOR = YES;
				GCC_WARN_UNINITIALIZED_AUTOS = YES_AGGRESSIVE;
				GCC_WARN_UNUSED_FUNCTION = YES;
				GCC_WARN_UNUSED_VARIABLE = YES;
				MTL_ENABLE_DEBUG_INFO = NO;
				MTL_FAST_MATH = YES;
				SWIFT_COMPILATION_MODE = wholemodule;
				SWIFT_OPTIMIZATION_LEVEL = "-O";
			};
			name = Release;
		};
		AAF8F7E3280D023700020A4D /* Debug */ = {
			isa = XCBuildConfiguration;
			buildSettings = {
				ASSETCATALOG_COMPILER_APPICON_NAME = AppIcon;
				ASSETCATALOG_COMPILER_GLOBAL_ACCENT_COLOR_NAME = AccentColor;
				CODE_SIGN_STYLE = Automatic;
				CURRENT_PROJECT_VERSION = 1;
				DEVELOPMENT_TEAM = FA2XAU6269;
				ENABLE_PREVIEWS = YES;
				GENERATE_INFOPLIST_FILE = YES;
				INFOPLIST_KEY_UIApplicationSceneManifest_Generation = YES;
				INFOPLIST_KEY_UIApplicationSupportsIndirectInputEvents = YES;
				INFOPLIST_KEY_UILaunchScreen_Generation = YES;
				INFOPLIST_KEY_UISupportedInterfaceOrientations_iPad = "UIInterfaceOrientationPortrait UIInterfaceOrientationPortraitUpsideDown UIInterfaceOrientationLandscapeLeft UIInterfaceOrientationLandscapeRight";
				INFOPLIST_KEY_UISupportedInterfaceOrientations_iPhone = "UIInterfaceOrientationPortrait UIInterfaceOrientationLandscapeLeft UIInterfaceOrientationLandscapeRight";
				IPHONEOS_DEPLOYMENT_TARGET = 15.2;
				LD_RUNPATH_SEARCH_PATHS = (
					"$(inherited)",
					"@executable_path/Frameworks",
				);
				MARKETING_VERSION = 1.0;
				PRODUCT_BUNDLE_IDENTIFIER = "test.number-merge";
				PRODUCT_NAME = "number merge";
				SDKROOT = iphoneos;
				SWIFT_EMIT_LOC_STRINGS = YES;
				SWIFT_VERSION = 5.0;
				TARGETED_DEVICE_FAMILY = "1,2";
			};
			name = Debug;
		};
		AAF8F7E4280D023700020A4D /* Release */ = {
			isa = XCBuildConfiguration;
			buildSettings = {
				ASSETCATALOG_COMPILER_APPICON_NAME = AppIcon;
				ASSETCATALOG_COMPILER_GLOBAL_ACCENT_COLOR_NAME = AccentColor;
				CODE_SIGN_STYLE = Automatic;
				CURRENT_PROJECT_VERSION = 1;
				DEVELOPMENT_TEAM = FA2XAU6269;
				ENABLE_PREVIEWS = YES;
				GENERATE_INFOPLIST_FILE = YES;
				INFOPLIST_KEY_UIApplicationSceneManifest_Generation = YES;
				INFOPLIST_KEY_UIApplicationSupportsIndirectInputEvents = YES;
				INFOPLIST_KEY_UILaunchScreen_Generation = YES;
				INFOPLIST_KEY_UISupportedInterfaceOrientations_iPad = "UIInterfaceOrientationPortrait UIInterfaceOrientationPortraitUpsideDown UIInterfaceOrientationLandscapeLeft UIInterfaceOrientationLandscapeRight";
				INFOPLIST_KEY_UISupportedInterfaceOrientations_iPhone = "UIInterfaceOrientationPortrait UIInterfaceOrientationLandscapeLeft UIInterfaceOrientationLandscapeRight";
				IPHONEOS_DEPLOYMENT_TARGET = 15.2;
				LD_RUNPATH_SEARCH_PATHS = (
					"$(inherited)",
					"@executable_path/Frameworks",
				);
				MARKETING_VERSION = 1.0;
				PRODUCT_BUNDLE_IDENTIFIER = "test.number-merge";
				PRODUCT_NAME = "number merge";
				SDKROOT = iphoneos;
				SWIFT_EMIT_LOC_STRINGS = YES;
				SWIFT_VERSION = 5.0;
				TARGETED_DEVICE_FAMILY = "1,2";
				VALIDATE_PRODUCT = YES;
			};
			name = Release;
		};
		AAF8F7E6280D023700020A4D /* Debug */ = {
			isa = XCBuildConfiguration;
			buildSettings = {
				ASSETCATALOG_COMPILER_APPICON_NAME = AppIcon;
				ASSETCATALOG_COMPILER_GLOBAL_ACCENT_COLOR_NAME = AccentColor;
				CODE_SIGN_ENTITLEMENTS = macOS/macOS.entitlements;
				CODE_SIGN_STYLE = Automatic;
				COMBINE_HIDPI_IMAGES = YES;
				CURRENT_PROJECT_VERSION = 1;
				DEVELOPMENT_TEAM = FA2XAU6269;
				ENABLE_HARDENED_RUNTIME = YES;
				ENABLE_PREVIEWS = YES;
				GENERATE_INFOPLIST_FILE = YES;
				INFOPLIST_KEY_NSHumanReadableCopyright = "";
				LD_RUNPATH_SEARCH_PATHS = (
					"$(inherited)",
					"@executable_path/../Frameworks",
				);
				MACOSX_DEPLOYMENT_TARGET = 12.1;
				MARKETING_VERSION = 1.0;
				PRODUCT_BUNDLE_IDENTIFIER = "test.number-merge";
				PRODUCT_NAME = "number merge";
				SDKROOT = macosx;
				SWIFT_EMIT_LOC_STRINGS = YES;
				SWIFT_VERSION = 5.0;
			};
			name = Debug;
		};
		AAF8F7E7280D023700020A4D /* Release */ = {
			isa = XCBuildConfiguration;
			buildSettings = {
				ASSETCATALOG_COMPILER_APPICON_NAME = AppIcon;
				ASSETCATALOG_COMPILER_GLOBAL_ACCENT_COLOR_NAME = AccentColor;
				CODE_SIGN_ENTITLEMENTS = macOS/macOS.entitlements;
				CODE_SIGN_STYLE = Automatic;
				COMBINE_HIDPI_IMAGES = YES;
				CURRENT_PROJECT_VERSION = 1;
				DEVELOPMENT_TEAM = FA2XAU6269;
				ENABLE_HARDENED_RUNTIME = YES;
				ENABLE_PREVIEWS = YES;
				GENERATE_INFOPLIST_FILE = YES;
				INFOPLIST_KEY_NSHumanReadableCopyright = "";
				LD_RUNPATH_SEARCH_PATHS = (
					"$(inherited)",
					"@executable_path/../Frameworks",
				);
				MACOSX_DEPLOYMENT_TARGET = 12.1;
				MARKETING_VERSION = 1.0;
				PRODUCT_BUNDLE_IDENTIFIER = "test.number-merge";
				PRODUCT_NAME = "number merge";
				SDKROOT = macosx;
				SWIFT_EMIT_LOC_STRINGS = YES;
				SWIFT_VERSION = 5.0;
			};
			name = Release;
		};
/* End XCBuildConfiguration section */

/* Begin XCConfigurationList section */
		AAF8F7C8280D023500020A4D /* Build configuration list for PBXProject "number merge" */ = {
			isa = XCConfigurationList;
			buildConfigurations = (
				AAF8F7E0280D023700020A4D /* Debug */,
				AAF8F7E1280D023700020A4D /* Release */,
			);
			defaultConfigurationIsVisible = 0;
			defaultConfigurationName = Release;
		};
		AAF8F7E2280D023700020A4D /* Build configuration list for PBXNativeTarget "number merge (iOS)" */ = {
			isa = XCConfigurationList;
			buildConfigurations = (
				AAF8F7E3280D023700020A4D /* Debug */,
				AAF8F7E4280D023700020A4D /* Release */,
			);
			defaultConfigurationIsVisible = 0;
			defaultConfigurationName = Release;
		};
		AAF8F7E5280D023700020A4D /* Build configuration list for PBXNativeTarget "number merge (macOS)" */ = {
			isa = XCConfigurationList;
			buildConfigurations = (
				AAF8F7E6280D023700020A4D /* Debug */,
				AAF8F7E7280D023700020A4D /* Release */,
			);
			defaultConfigurationIsVisible = 0;
			defaultConfigurationName = Release;
		};
/* End XCConfigurationList section */
	};
	rootObject = AAF8F7C5280D023500020A4D /* Project object */;
}
